
Microsoft Visual Studio Solution File, Format Version 12.00
# Visual Studio Version 17
VisualStudioVersion = 17.2.32616.157
MinimumVisualStudioVersion = 10.0.40219.1
Project("{8BC9CEB8-8B4A-11D0-8D11-00A0C91BC942}") = "Intelogis", "Intelogis\Intelogis.vcxproj", "{E909DC24-50EB-48CA-9B5B-5A6635B17778}"
EndProject
Global
	GlobalSection(SolutionConfigurationPlatforms) = preSolution
		Debug|x64 = Debug|x64
		Debug|x86 = Debug|x86
		Release|x64 = Release|x64
		Release|x86 = Release|x86
	EndGlobalSection
	GlobalSection(ProjectConfigurationPlatforms) = postSolution
		{E909DC24-50EB-48CA-9B5B-5A6635B17778}.Debug|x64.ActiveCfg = Debug|x64
		{E909DC24-50EB-48CA-9B5B-5A6635B17778}.Debug|x64.Build.0 = Debug|x64
		{E909DC24-50EB-48CA-9B5B-5A6635B17778}.Debug|x86.ActiveCfg = Debug|Win32
		{E909DC24-50EB-48CA-9B5B-5A6635B17778}.Debug|x86.Build.0 = Debug|Win32
		{E909DC24-50EB-48CA-9B5B-5A6635B17778}.Release|x64.ActiveCfg = Release|x64
		{E909DC24-50EB-48CA-9B5B-5A6635B17778}.Release|x64.Build.0 = Release|x64
		{E909DC24-50EB-48CA-9B5B-5A6635B17778}.Release|x86.ActiveCfg = Release|Win32
		{E909DC24-50EB-48CA-9B5B-5A6635B17778}.Release|x86.Build.0 = Release|Win32
	EndGlobalSection
	GlobalSection(SolutionProperties) = preSolution
		HideSolutionNode = FALSE
	EndGlobalSection
	GlobalSection(ExtensibilityGlobals) = postSolution
		SolutionGuid = {7B46DEC1-7C24-43B2-BEEA-0869DE67B603}
	EndGlobalSection
EndGlobal
